
Microsoft Visual Studio Solution File, Format Version 12.00
# Visual Studio Version 16
VisualStudioVersion = 16.0.30804.86
MinimumVisualStudioVersion = 10.0.40219.1
Project("{FAE04EC0-301F-11D3-BF4B-00C04F79EFBC}") = "SA02_JOAO_PAULO_ARAUJO", "SA02_JOAO_PAULO_ARAUJO\SA02_JOAO_PAULO_ARAUJO.csproj", "{5854FD49-FBF5-4A7B-830A-38F189821DDB}"
EndProject
Global
	GlobalSection(SolutionConfigurationPlatforms) = preSolution
		Debug|Any CPU = Debug|Any CPU
		Release|Any CPU = Release|Any CPU
	EndGlobalSection
	GlobalSection(ProjectConfigurationPlatforms) = postSolution
		{5854FD49-FBF5-4A7B-830A-38F189821DDB}.Debug|Any CPU.ActiveCfg = Debug|Any CPU
		{5854FD49-FBF5-4A7B-830A-38F189821DDB}.Debug|Any CPU.Build.0 = Debug|Any CPU
		{5854FD49-FBF5-4A7B-830A-38F189821DDB}.Release|Any CPU.ActiveCfg = Release|Any CPU
		{5854FD49-FBF5-4A7B-830A-38F189821DDB}.Release|Any CPU.Build.0 = Release|Any CPU
	EndGlobalSection
	GlobalSection(SolutionProperties) = preSolution
		HideSolutionNode = FALSE
	EndGlobalSection
	GlobalSection(ExtensibilityGlobals) = postSolution
		SolutionGuid = {AF21BF46-1AAE-4AE4-AFC2-DE75DDCD7817}
	EndGlobalSection
EndGlobal
