
Microsoft Visual Studio Solution File, Format Version 12.00
# Visual Studio Version 16
VisualStudioVersion = 16.0.30503.244
MinimumVisualStudioVersion = 10.0.40219.1
Project("{FAE04EC0-301F-11D3-BF4B-00C04F79EFBC}") = "Lista01", "Lista01\Lista01.csproj", "{D01C501B-E74D-492D-AB3C-4FA93E777155}"
EndProject
Global
	GlobalSection(SolutionConfigurationPlatforms) = preSolution
		Debug|Any CPU = Debug|Any CPU
		Release|Any CPU = Release|Any CPU
	EndGlobalSection
	GlobalSection(ProjectConfigurationPlatforms) = postSolution
		{D01C501B-E74D-492D-AB3C-4FA93E777155}.Debug|Any CPU.ActiveCfg = Debug|Any CPU
		{D01C501B-E74D-492D-AB3C-4FA93E777155}.Debug|Any CPU.Build.0 = Debug|Any CPU
		{D01C501B-E74D-492D-AB3C-4FA93E777155}.Release|Any CPU.ActiveCfg = Release|Any CPU
		{D01C501B-E74D-492D-AB3C-4FA93E777155}.Release|Any CPU.Build.0 = Release|Any CPU
	EndGlobalSection
	GlobalSection(SolutionProperties) = preSolution
		HideSolutionNode = FALSE
	EndGlobalSection
	GlobalSection(ExtensibilityGlobals) = postSolution
		SolutionGuid = {533B8D90-81C4-46CD-95A0-788E35172AED}
	EndGlobalSection
EndGlobal
