
Microsoft Visual Studio Solution File, Format Version 12.00
# Visual Studio Version 16
VisualStudioVersion = 16.0.30503.244
MinimumVisualStudioVersion = 10.0.40219.1
Project("{FAE04EC0-301F-11D3-BF4B-00C04F79EFBC}") = "aula0925", "aula0925\aula0925.csproj", "{0DAA6CF8-4662-4E61-906A-5A3F7E7BE0A8}"
EndProject
Global
	GlobalSection(SolutionConfigurationPlatforms) = preSolution
		Debug|Any CPU = Debug|Any CPU
		Release|Any CPU = Release|Any CPU
	EndGlobalSection
	GlobalSection(ProjectConfigurationPlatforms) = postSolution
		{0DAA6CF8-4662-4E61-906A-5A3F7E7BE0A8}.Debug|Any CPU.ActiveCfg = Debug|Any CPU
		{0DAA6CF8-4662-4E61-906A-5A3F7E7BE0A8}.Debug|Any CPU.Build.0 = Debug|Any CPU
		{0DAA6CF8-4662-4E61-906A-5A3F7E7BE0A8}.Release|Any CPU.ActiveCfg = Release|Any CPU
		{0DAA6CF8-4662-4E61-906A-5A3F7E7BE0A8}.Release|Any CPU.Build.0 = Release|Any CPU
	EndGlobalSection
	GlobalSection(SolutionProperties) = preSolution
		HideSolutionNode = FALSE
	EndGlobalSection
	GlobalSection(ExtensibilityGlobals) = postSolution
		SolutionGuid = {92C2F582-6A27-4C86-A828-7AB82EA9DD3E}
	EndGlobalSection
EndGlobal
