
Microsoft Visual Studio Solution File, Format Version 12.00
# Visual Studio Version 16
VisualStudioVersion = 16.0.30804.86
MinimumVisualStudioVersion = 10.0.40219.1
Project("{FAE04EC0-301F-11D3-BF4B-00C04F79EFBC}") = "Lista 04.1", "Lista 04.1\Lista 04.1.csproj", "{60B8B074-7016-4A4E-8ACA-1564C3DB16D7}"
EndProject
Global
	GlobalSection(SolutionConfigurationPlatforms) = preSolution
		Debug|Any CPU = Debug|Any CPU
		Release|Any CPU = Release|Any CPU
	EndGlobalSection
	GlobalSection(ProjectConfigurationPlatforms) = postSolution
		{60B8B074-7016-4A4E-8ACA-1564C3DB16D7}.Debug|Any CPU.ActiveCfg = Debug|Any CPU
		{60B8B074-7016-4A4E-8ACA-1564C3DB16D7}.Debug|Any CPU.Build.0 = Debug|Any CPU
		{60B8B074-7016-4A4E-8ACA-1564C3DB16D7}.Release|Any CPU.ActiveCfg = Release|Any CPU
		{60B8B074-7016-4A4E-8ACA-1564C3DB16D7}.Release|Any CPU.Build.0 = Release|Any CPU
	EndGlobalSection
	GlobalSection(SolutionProperties) = preSolution
		HideSolutionNode = FALSE
	EndGlobalSection
	GlobalSection(ExtensibilityGlobals) = postSolution
		SolutionGuid = {2F31E530-6A4A-43CC-9764-FE45A8C566A8}
	EndGlobalSection
EndGlobal
