
Microsoft Visual Studio Solution File, Format Version 12.00
# Visual Studio Version 16
VisualStudioVersion = 16.0.30503.244
MinimumVisualStudioVersion = 10.0.40219.1
Project("{FAE04EC0-301F-11D3-BF4B-00C04F79EFBC}") = "ATV06", "ATV06\ATV06.csproj", "{867201E4-88C7-4030-AF1F-1783652795AA}"
EndProject
Global
	GlobalSection(SolutionConfigurationPlatforms) = preSolution
		Debug|Any CPU = Debug|Any CPU
		Release|Any CPU = Release|Any CPU
	EndGlobalSection
	GlobalSection(ProjectConfigurationPlatforms) = postSolution
		{867201E4-88C7-4030-AF1F-1783652795AA}.Debug|Any CPU.ActiveCfg = Debug|Any CPU
		{867201E4-88C7-4030-AF1F-1783652795AA}.Debug|Any CPU.Build.0 = Debug|Any CPU
		{867201E4-88C7-4030-AF1F-1783652795AA}.Release|Any CPU.ActiveCfg = Release|Any CPU
		{867201E4-88C7-4030-AF1F-1783652795AA}.Release|Any CPU.Build.0 = Release|Any CPU
	EndGlobalSection
	GlobalSection(SolutionProperties) = preSolution
		HideSolutionNode = FALSE
	EndGlobalSection
	GlobalSection(ExtensibilityGlobals) = postSolution
		SolutionGuid = {6712AAE8-6447-459F-BA39-1A9BC751C298}
	EndGlobalSection
EndGlobal
