
Microsoft Visual Studio Solution File, Format Version 12.00
# Visual Studio Version 16
VisualStudioVersion = 16.0.30804.86
MinimumVisualStudioVersion = 10.0.40219.1
Project("{FAE04EC0-301F-11D3-BF4B-00C04F79EFBC}") = "Lista 3", "Lista 3\Lista 3.csproj", "{87EA9F29-B2AC-4958-AAE3-4E916B53A6C0}"
EndProject
Global
	GlobalSection(SolutionConfigurationPlatforms) = preSolution
		Debug|Any CPU = Debug|Any CPU
		Release|Any CPU = Release|Any CPU
	EndGlobalSection
	GlobalSection(ProjectConfigurationPlatforms) = postSolution
		{87EA9F29-B2AC-4958-AAE3-4E916B53A6C0}.Debug|Any CPU.ActiveCfg = Debug|Any CPU
		{87EA9F29-B2AC-4958-AAE3-4E916B53A6C0}.Debug|Any CPU.Build.0 = Debug|Any CPU
		{87EA9F29-B2AC-4958-AAE3-4E916B53A6C0}.Release|Any CPU.ActiveCfg = Release|Any CPU
		{87EA9F29-B2AC-4958-AAE3-4E916B53A6C0}.Release|Any CPU.Build.0 = Release|Any CPU
	EndGlobalSection
	GlobalSection(SolutionProperties) = preSolution
		HideSolutionNode = FALSE
	EndGlobalSection
	GlobalSection(ExtensibilityGlobals) = postSolution
		SolutionGuid = {F40B962F-0335-42CA-9306-76AB90F60528}
	EndGlobalSection
EndGlobal
